
Microsoft Visual Studio Solution File, Format Version 12.00
# Visual Studio 2012
Project("{2150E333-8FDC-42A3-9474-1A3956D46DE8}") = "Configuration", "Configuration", "{0E25BAA0-8855-47BD-ABFD-E59D17E2776C}"
	ProjectSection(SolutionItems) = preProject
		NConfig.Environments\acceptance.config = NConfig.Environments\acceptance.config
		NConfig.Environments\development.config = NConfig.Environments\development.config
		NConfig.Environments\environments.config = NConfig.Environments\environments.config
		NConfig.Environments\production.config = NConfig.Environments\production.config
		NConfig.Environments\test.config = NConfig.Environments\test.config
	EndProjectSection
EndProject
Project("{2150E333-8FDC-42A3-9474-1A3956D46DE8}") = "Demos", "Demos", "{50FEBE2B-8D6C-42E2-8E8F-245BA8130AB9}"
EndProject
Project("{FAE04EC0-301F-11D3-BF4B-00C04F79EFBC}") = "NConfiguration", "NConfigurationManager\NConfiguration.csproj", "{513159F9-814B-40F9-A0DD-180A707C14FA}"
EndProject
Project("{FAE04EC0-301F-11D3-BF4B-00C04F79EFBC}") = "NConfiguration.Console", "NConfigurationManager.Console\NConfiguration.Console.csproj", "{0324AAE1-96B5-4CE4-A1AC-A92F509656FA}"
EndProject
Project("{FAE04EC0-301F-11D3-BF4B-00C04F79EFBC}") = "NConfiguration.Website", "NConfiguration.Website\NConfiguration.Website.csproj", "{EE1B7583-54AF-4BA5-909D-CE4C8003CDF4}"
EndProject
Project("{FAE04EC0-301F-11D3-BF4B-00C04F79EFBC}") = "NConf", "NConf\NConf.csproj", "{FBBA0308-D420-4454-B7F0-5E714AF5F1AE}"
EndProject
Global
	GlobalSection(SolutionConfigurationPlatforms) = preSolution
		Debug|Any CPU = Debug|Any CPU
		Debug|Mixed Platforms = Debug|Mixed Platforms
		Debug|x86 = Debug|x86
		Release|Any CPU = Release|Any CPU
		Release|Mixed Platforms = Release|Mixed Platforms
		Release|x86 = Release|x86
	EndGlobalSection
	GlobalSection(ProjectConfigurationPlatforms) = postSolution
		{513159F9-814B-40F9-A0DD-180A707C14FA}.Debug|Any CPU.ActiveCfg = Debug|Any CPU
		{513159F9-814B-40F9-A0DD-180A707C14FA}.Debug|Any CPU.Build.0 = Debug|Any CPU
		{513159F9-814B-40F9-A0DD-180A707C14FA}.Debug|Mixed Platforms.ActiveCfg = Debug|Any CPU
		{513159F9-814B-40F9-A0DD-180A707C14FA}.Debug|Mixed Platforms.Build.0 = Debug|Any CPU
		{513159F9-814B-40F9-A0DD-180A707C14FA}.Debug|x86.ActiveCfg = Debug|Any CPU
		{513159F9-814B-40F9-A0DD-180A707C14FA}.Release|Any CPU.ActiveCfg = Release|Any CPU
		{513159F9-814B-40F9-A0DD-180A707C14FA}.Release|Any CPU.Build.0 = Release|Any CPU
		{513159F9-814B-40F9-A0DD-180A707C14FA}.Release|Mixed Platforms.ActiveCfg = Release|Any CPU
		{513159F9-814B-40F9-A0DD-180A707C14FA}.Release|Mixed Platforms.Build.0 = Release|Any CPU
		{513159F9-814B-40F9-A0DD-180A707C14FA}.Release|x86.ActiveCfg = Release|Any CPU
		{0324AAE1-96B5-4CE4-A1AC-A92F509656FA}.Debug|Any CPU.ActiveCfg = Debug|x86
		{0324AAE1-96B5-4CE4-A1AC-A92F509656FA}.Debug|Mixed Platforms.ActiveCfg = Debug|x86
		{0324AAE1-96B5-4CE4-A1AC-A92F509656FA}.Debug|Mixed Platforms.Build.0 = Debug|x86
		{0324AAE1-96B5-4CE4-A1AC-A92F509656FA}.Debug|x86.ActiveCfg = Debug|x86
		{0324AAE1-96B5-4CE4-A1AC-A92F509656FA}.Debug|x86.Build.0 = Debug|x86
		{0324AAE1-96B5-4CE4-A1AC-A92F509656FA}.Release|Any CPU.ActiveCfg = Release|x86
		{0324AAE1-96B5-4CE4-A1AC-A92F509656FA}.Release|Mixed Platforms.ActiveCfg = Release|x86
		{0324AAE1-96B5-4CE4-A1AC-A92F509656FA}.Release|Mixed Platforms.Build.0 = Release|x86
		{0324AAE1-96B5-4CE4-A1AC-A92F509656FA}.Release|x86.ActiveCfg = Release|x86
		{0324AAE1-96B5-4CE4-A1AC-A92F509656FA}.Release|x86.Build.0 = Release|x86
		{EE1B7583-54AF-4BA5-909D-CE4C8003CDF4}.Debug|Any CPU.ActiveCfg = Debug|Any CPU
		{EE1B7583-54AF-4BA5-909D-CE4C8003CDF4}.Debug|Any CPU.Build.0 = Debug|Any CPU
		{EE1B7583-54AF-4BA5-909D-CE4C8003CDF4}.Debug|Mixed Platforms.ActiveCfg = Debug|Any CPU
		{EE1B7583-54AF-4BA5-909D-CE4C8003CDF4}.Debug|Mixed Platforms.Build.0 = Debug|Any CPU
		{EE1B7583-54AF-4BA5-909D-CE4C8003CDF4}.Debug|x86.ActiveCfg = Debug|Any CPU
		{EE1B7583-54AF-4BA5-909D-CE4C8003CDF4}.Release|Any CPU.ActiveCfg = Release|Any CPU
		{EE1B7583-54AF-4BA5-909D-CE4C8003CDF4}.Release|Any CPU.Build.0 = Release|Any CPU
		{EE1B7583-54AF-4BA5-909D-CE4C8003CDF4}.Release|Mixed Platforms.ActiveCfg = Release|Any CPU
		{EE1B7583-54AF-4BA5-909D-CE4C8003CDF4}.Release|Mixed Platforms.Build.0 = Release|Any CPU
		{EE1B7583-54AF-4BA5-909D-CE4C8003CDF4}.Release|x86.ActiveCfg = Release|Any CPU
		{FBBA0308-D420-4454-B7F0-5E714AF5F1AE}.Debug|Any CPU.ActiveCfg = Debug|x86
		{FBBA0308-D420-4454-B7F0-5E714AF5F1AE}.Debug|Mixed Platforms.ActiveCfg = Debug|x86
		{FBBA0308-D420-4454-B7F0-5E714AF5F1AE}.Debug|Mixed Platforms.Build.0 = Debug|x86
		{FBBA0308-D420-4454-B7F0-5E714AF5F1AE}.Debug|x86.ActiveCfg = Debug|x86
		{FBBA0308-D420-4454-B7F0-5E714AF5F1AE}.Debug|x86.Build.0 = Debug|x86
		{FBBA0308-D420-4454-B7F0-5E714AF5F1AE}.Release|Any CPU.ActiveCfg = Release|x86
		{FBBA0308-D420-4454-B7F0-5E714AF5F1AE}.Release|Mixed Platforms.ActiveCfg = Release|x86
		{FBBA0308-D420-4454-B7F0-5E714AF5F1AE}.Release|Mixed Platforms.Build.0 = Release|x86
		{FBBA0308-D420-4454-B7F0-5E714AF5F1AE}.Release|x86.ActiveCfg = Release|x86
		{FBBA0308-D420-4454-B7F0-5E714AF5F1AE}.Release|x86.Build.0 = Release|x86
	EndGlobalSection
	GlobalSection(SolutionProperties) = preSolution
		HideSolutionNode = FALSE
	EndGlobalSection
	GlobalSection(NestedProjects) = preSolution
		{0324AAE1-96B5-4CE4-A1AC-A92F509656FA} = {50FEBE2B-8D6C-42E2-8E8F-245BA8130AB9}
		{EE1B7583-54AF-4BA5-909D-CE4C8003CDF4} = {50FEBE2B-8D6C-42E2-8E8F-245BA8130AB9}
	EndGlobalSection
EndGlobal
